
Microsoft Visual Studio Solution File, Format Version 12.00
# Visual Studio Version 17
VisualStudioVersion = 17.0.31919.166
MinimumVisualStudioVersion = 10.0.40219.1
Project("{9A19103F-16F7-4668-BE54-9A1E7A4F7556}") = "HyperNetworking", "HyperNetworking\HyperNetworking.csproj", "{9DC0B4FB-1FC8-47DF-B988-274C6A01CEF0}"
EndProject
Project("{9A19103F-16F7-4668-BE54-9A1E7A4F7556}") = "Samples", "Samples\Samples.csproj", "{7C75340A-3DCF-42BF-8E06-E8388C9E866F}"
EndProject
Project("{FAE04EC0-301F-11D3-BF4B-00C04F79EFBC}") = "HyperNetworking.Generators", "HyperNetworking.Generators\HyperNetworking.Generators.csproj", "{6BF4E568-E342-4038-9B97-1CE386E1E457}"
EndProject
Global
	GlobalSection(SolutionConfigurationPlatforms) = preSolution
		Debug|Any CPU = Debug|Any CPU
		Release|Any CPU = Release|Any CPU
	EndGlobalSection
	GlobalSection(ProjectConfigurationPlatforms) = postSolution
		{9DC0B4FB-1FC8-47DF-B988-274C6A01CEF0}.Debug|Any CPU.ActiveCfg = Debug|Any CPU
		{9DC0B4FB-1FC8-47DF-B988-274C6A01CEF0}.Debug|Any CPU.Build.0 = Debug|Any CPU
		{9DC0B4FB-1FC8-47DF-B988-274C6A01CEF0}.Release|Any CPU.ActiveCfg = Release|Any CPU
		{9DC0B4FB-1FC8-47DF-B988-274C6A01CEF0}.Release|Any CPU.Build.0 = Release|Any CPU
		{7C75340A-3DCF-42BF-8E06-E8388C9E866F}.Debug|Any CPU.ActiveCfg = Debug|Any CPU
		{7C75340A-3DCF-42BF-8E06-E8388C9E866F}.Debug|Any CPU.Build.0 = Debug|Any CPU
		{7C75340A-3DCF-42BF-8E06-E8388C9E866F}.Release|Any CPU.ActiveCfg = Release|Any CPU
		{7C75340A-3DCF-42BF-8E06-E8388C9E866F}.Release|Any CPU.Build.0 = Release|Any CPU
		{6BF4E568-E342-4038-9B97-1CE386E1E457}.Debug|Any CPU.ActiveCfg = Debug|Any CPU
		{6BF4E568-E342-4038-9B97-1CE386E1E457}.Debug|Any CPU.Build.0 = Debug|Any CPU
		{6BF4E568-E342-4038-9B97-1CE386E1E457}.Release|Any CPU.ActiveCfg = Release|Any CPU
		{6BF4E568-E342-4038-9B97-1CE386E1E457}.Release|Any CPU.Build.0 = Release|Any CPU
	EndGlobalSection
	GlobalSection(SolutionProperties) = preSolution
		HideSolutionNode = FALSE
	EndGlobalSection
	GlobalSection(ExtensibilityGlobals) = postSolution
		SolutionGuid = {86BA1085-B2BA-4674-9B68-ABCADF94AA41}
	EndGlobalSection
EndGlobal
